<?xml version="1.0" encoding="utf-8"?>
<Project ToolsVersion="4.0" xmlns="http://schemas.microsoft.com/developer/msbuild/2003">
  <ItemGroup>
    <Filter Include="Source Files">
      <UniqueIdentifier>{4FC737F1-C7A5-4376-A066-2A32D752A2FF}</UniqueIdentifier>
      <Extensions>cpp;c;cc;cxx;def;odl;idl;hpj;bat;asm;asmx</Extensions>
    </Filter>
    <Filter Include="Header Files">
      <UniqueIdentifier>{93995380-89BD-4b04-88EB-625FBE52EBFB}</UniqueIdentifier>
      <Extensions>h;hh;hpp;hxx;hm;inl;inc;xsd</Extensions>
    </Filter>
    <Filter Include="Resource Files">
      <UniqueIdentifier>{67DA6AB6-F800-4c08-8B7A-83BB121AAD01}</UniqueIdentifier>
      <Extensions>rc;ico;cur;bmp;dlg;rc2;rct;bin;rgs;gif;jpg;jpeg;jpe;resx;tiff;tif;png;wav;mfcribbon-ms</Extensions>
    </Filter>
    <Filter Include="Header Files\CharacterClasses">
      <UniqueIdentifier>{e51c276d-3954-4ec9-81b0-3a524058a5fa}</UniqueIdentifier>
    </Filter>
    <Filter Include="Header Files\Interfaces">
      <UniqueIdentifier>{13451a60-9afd-4d4d-a37a-55124e77f4be}</UniqueIdentifier>
    </Filter>
    <Filter Include="Header Files\Additional classes">
      <UniqueIdentifier>{67221004-c53b-412e-a2cb-61a8e3d16249}</UniqueIdentifier>
    </Filter>
  </ItemGroup>
  <ItemGroup>
    <ClInclude Include="Warrior.h">
      <Filter>Header Files\CharacterClasses</Filter>
    </ClInclude>
    <ClInclude Include="Thief.h">
      <Filter>Header Files\CharacterClasses</Filter>
    </ClInclude>
    <ClInclude Include="Mage.h">
      <Filter>Header Files\CharacterClasses</Filter>
    </ClInclude>
    <ClInclude Include="IMoveable.h">
      <Filter>Header Files\Interfaces</Filter>
    </ClInclude>
    <ClInclude Include="Item.h">
      <Filter>Header Files\Additional classes</Filter>
    </ClInclude>
    <ClInclude Include="Character.h">
      <Filter>Header Files\Additional classes</Filter>
    </ClInclude>
    <ClInclude Include="Game.h">
      <Filter>Header Files\Additional classes</Filter>
    </ClInclude>
    <ClInclude Include="Player.h">
      <Filter>Header Files\Additional classes</Filter>
    </ClInclude>
    <ClInclude Include="Inventory.h">
      <Filter>Header Files\Additional classes</Filter>
    </ClInclude>
  </ItemGroup>
  <ItemGroup>
    <ClCompile Include="Character.cpp">
      <Filter>Source Files</Filter>
    </ClCompile>
    <ClCompile Include="Item.cpp">
      <Filter>Source Files</Filter>
    </ClCompile>
    <ClCompile Include="Inventory.cpp">
      <Filter>Source Files</Filter>
    </ClCompile>
  </ItemGroup>
</Project>